{
    "_readme": [
        "This file locks the dependencies of your project to a known state",
        "Read more about it at https://getcomposer.org/doc/01-basic-usage.md#composer-lock-the-lock-file",
        "This file is @generated automatically"
    ],
    "hash": "d79e67d39b637af201b67a75445b0827",
    "content-hash": "e5d6e8f80e6c8730d27c251fe31f8a88",
    "packages": [
        {
            "name": "cebe/markdown",
            "version": "1.0.1",
            "source": {
                "type": "git",
                "url": "https://github.com/cebe/markdown.git",
                "reference": "9d6c36d6623497523ed421a31d940bc1d7435578"
            },
            "dist": {
                "type": "zip",
                "url": "https://api.github.com/repos/cebe/markdown/zipball/9d6c36d6623497523ed421a31d940bc1d7435578",
                "reference": "9d6c36d6623497523ed421a31d940bc1d7435578",
                "shasum": ""
            },
            "require": {
                "lib-pcre": "*",
                "php": ">=5.4.0"
            },
            "require-dev": {
                "cebe/indent": "*",
                "facebook/xhprof": "*@dev",
                "phpunit/phpunit": "3.7.*"
            },
            "bin": [
                "bin/markdown"
            ],
            "type": "library",
            "extra": {
                "branch-alias": {
                    "dev-master": "1.0.x-dev"
                }
            },
            "autoload": {
                "psr-4": {
                    "cebe\\markdown\\": ""
                }
            },
            "notification-url": "https://packagist.org/downloads/",
            "license": [
                "MIT"
            ],
            "authors": [
                {
                    "name": "Carsten Brandt",
                    "email": "mail@cebe.cc",
                    "homepage": "http://cebe.cc/",
                    "role": "Creator"
                }
            ],
            "description": "A super fast, highly extensible markdown parser for PHP",
            "homepage": "https://github.com/cebe/markdown#readme",
            "keywords": [
                "extensible",
                "fast",
                "gfm",
                "markdown",
                "markdown-extra"
            ],
            "time": "2014-10-25 16:16:49"
        },
        {
            "name": "league/pipeline",
            "version": "0.2.2",
            "source": {
                "type": "git",
                "url": "https://github.com/thephpleague/pipeline.git",
                "reference": "c79ce70462364cb98ecae4d9b74554483a82d706"
            },
            "dist": {
                "type": "zip",
                "url": "https://api.github.com/repos/thephpleague/pipeline/zipball/c79ce70462364cb98ecae4d9b74554483a82d706",
                "reference": "c79ce70462364cb98ecae4d9b74554483a82d706",
                "shasum": ""
            },
            "require": {
                "php": ">=5.5"
            },
            "require-dev": {
                "henrikbjorn/phpspec-code-coverage": "^1.0",
                "phpspec/phpspec": "^2.2"
            },
            "type": "library",
            "autoload": {
                "psr-4": {
                    "League\\Pipeline\\": "src"
                }
            },
            "notification-url": "https://packagist.org/downloads/",
            "license": [
                "MIT"
            ],
            "authors": [
                {
                    "name": "Frank de Jonge",
                    "email": "info@frenky.net"
                }
            ],
            "description": "A plug and play pipeline implementation.",
            "keywords": [
                "composition",
                "design pattern",
                "pattern",
                "pipeline",
                "sequential"
            ],
            "time": "2016-03-23 13:41:04"
        },
        {
            "name": "mibe/feedwriter",
            "version": "dev-master",
            "source": {
                "type": "git",
                "url": "https://github.com/mibe/FeedWriter.git",
                "reference": "9fd75b134612148d6f66dd65b770712decfa21cf"
            },
            "dist": {
                "type": "zip",
                "url": "https://api.github.com/repos/mibe/FeedWriter/zipball/9fd75b134612148d6f66dd65b770712decfa21cf",
                "reference": "9fd75b134612148d6f66dd65b770712decfa21cf",
                "shasum": ""
            },
            "require": {
                "php": ">=5.3.0"
            },
            "type": "library",
            "extra": {
                "branch-alias": {
                    "dev-master": "1.0.x-dev"
                }
            },
            "autoload": {
                "classmap": [
                    "ATOM.php",
                    "Feed.php",
                    "Item.php",
                    "RSS1.php",
                    "RSS2.php"
                ]
            },
            "notification-url": "https://packagist.org/downloads/",
            "license": [
                "GPL-3.0"
            ],
            "authors": [
                {
                    "name": "Anis uddin Ahmad"
                },
                {
                    "name": "Michael Bemmerl",
                    "email": "mail@mx-server.de"
                },
                {
                    "name": "Phil Freo"
                },
                {
                    "name": "Paul Ferrett"
                },
                {
                    "name": "Brennen Bearnes"
                },
                {
                    "name": "Michael Robinson",
                    "email": "mike@pagesofinterest.net"
                },
                {
                    "name": "Baptiste Fontaine"
                },
                {
                    "name": "Kristián Valentín"
                },
                {
                    "name": "Brandtley McMinn"
                },
                {
                    "name": "Julian Bogdani"
                }
            ],
            "description": "Generate feeds in either RSS 1.0, RSS 2.0 or ATOM formats",
            "homepage": "https://github.com/mibe/FeedWriter",
            "keywords": [
                "rss"
            ],
            "time": "2014-09-21 19:23:40"
        },
        {
            "name": "symfony/console",
            "version": "dev-master",
            "target-dir": "Symfony/Component/Console",
            "source": {
                "type": "git",
                "url": "https://github.com/symfony/console.git",
                "reference": "39956d14381127cb9b0869a41d29bedcf433d4c1"
            },
            "dist": {
                "type": "zip",
                "url": "https://api.github.com/repos/symfony/console/zipball/39956d14381127cb9b0869a41d29bedcf433d4c1",
                "reference": "39956d14381127cb9b0869a41d29bedcf433d4c1",
                "shasum": ""
            },
            "require": {
                "php": ">=5.3.3"
            },
            "require-dev": {
                "psr/log": "~1.0",
                "symfony/event-dispatcher": "~2.1",
                "symfony/process": "~2.1"
            },
            "suggest": {
                "psr/log": "For using the console logger",
                "symfony/event-dispatcher": "",
                "symfony/process": ""
            },
            "type": "library",
            "extra": {
                "branch-alias": {
                    "dev-master": "3.0-dev"
                }
            },
            "autoload": {
                "psr-0": {
                    "Symfony\\Component\\Console\\": ""
                }
            },
            "notification-url": "https://packagist.org/downloads/",
            "license": [
                "MIT"
            ],
            "authors": [
                {
                    "name": "Symfony Community",
                    "homepage": "http://symfony.com/contributors"
                },
                {
                    "name": "Fabien Potencier",
                    "email": "fabien@symfony.com"
                }
            ],
            "description": "Symfony Console Component",
            "homepage": "http://symfony.com",
            "time": "2014-11-16 17:28:29"
        },
        {
            "name": "twig/twig",
            "version": "v1.16.2",
            "source": {
                "type": "git",
                "url": "https://github.com/twigphp/Twig.git",
                "reference": "42f758d9fe2146d1f0470604fc05ee43580873fc"
            },
            "dist": {
                "type": "zip",
                "url": "https://api.github.com/repos/twigphp/Twig/zipball/42f758d9fe2146d1f0470604fc05ee43580873fc",
                "reference": "42f758d9fe2146d1f0470604fc05ee43580873fc",
                "shasum": ""
            },
            "require": {
                "php": ">=5.2.4"
            },
            "type": "library",
            "extra": {
                "branch-alias": {
                    "dev-master": "1.16-dev"
                }
            },
            "autoload": {
                "psr-0": {
                    "Twig_": "lib/"
                }
            },
            "notification-url": "https://packagist.org/downloads/",
            "license": [
                "BSD-3-Clause"
            ],
            "authors": [
                {
                    "name": "Fabien Potencier",
                    "email": "fabien@symfony.com",
                    "homepage": "http://fabien.potencier.org",
                    "role": "Lead Developer"
                },
                {
                    "name": "Armin Ronacher",
                    "email": "armin.ronacher@active-4.com",
                    "role": "Project Founder"
                },
                {
                    "name": "Twig Team",
                    "homepage": "https://github.com/fabpot/Twig/graphs/contributors",
                    "role": "Contributors"
                }
            ],
            "description": "Twig, the flexible, fast, and secure template language for PHP",
            "homepage": "http://twig.sensiolabs.org",
            "keywords": [
                "templating"
            ],
            "time": "2014-10-17 12:53:44"
        },
        {
            "name": "vlucas/phpdotenv",
            "version": "v2.4.0",
            "source": {
                "type": "git",
                "url": "https://github.com/vlucas/phpdotenv.git",
                "reference": "3cc116adbe4b11be5ec557bf1d24dc5e3a21d18c"
            },
            "dist": {
                "type": "zip",
                "url": "https://api.github.com/repos/vlucas/phpdotenv/zipball/3cc116adbe4b11be5ec557bf1d24dc5e3a21d18c",
                "reference": "3cc116adbe4b11be5ec557bf1d24dc5e3a21d18c",
                "shasum": ""
            },
            "require": {
                "php": ">=5.3.9"
            },
            "require-dev": {
                "phpunit/phpunit": "^4.8 || ^5.0"
            },
            "type": "library",
            "extra": {
                "branch-alias": {
                    "dev-master": "2.4-dev"
                }
            },
            "autoload": {
                "psr-4": {
                    "Dotenv\\": "src/"
                }
            },
            "notification-url": "https://packagist.org/downloads/",
            "license": [
                "BSD-3-Clause-Attribution"
            ],
            "authors": [
                {
                    "name": "Vance Lucas",
                    "email": "vance@vancelucas.com",
                    "homepage": "http://www.vancelucas.com"
                }
            ],
            "description": "Loads environment variables from `.env` to `getenv()`, `$_ENV` and `$_SERVER` automagically.",
            "keywords": [
                "dotenv",
                "env",
                "environment"
            ],
            "time": "2016-09-01 10:05:43"
        }
    ],
    "packages-dev": [],
    "aliases": [],
    "minimum-stability": "stable",
    "stability-flags": {
        "symfony/console": 20,
        "mibe/feedwriter": 20
    },
    "prefer-stable": false,
    "prefer-lowest": false,
    "platform": [],
    "platform-dev": []
}
